// !$*UTF8*$!
{
	archiveVersion = 1;
	classes = {
	};
	objectVersion = 50;
	objects = {

/* Begin PBXBuildFile section */
		4D32ED3B247BBDF10003FE52 /* MCJEagleDefinitions.m in Sources */ = {isa = PBXBuildFile; fileRef = 4D32ED3A247BBDF10003FE52 /* MCJEagleDefinitions.m */; };
		7FC9C9152375BADE008CD9DA /* AppDelegate.m in Sources */ = {isa = PBXBuildFile; fileRef = 7FC9C9142375BADE008CD9DA /* AppDelegate.m */; };
		7FC9C9182375BADE008CD9DA /* SceneDelegate.m in Sources */ = {isa = PBXBuildFile; fileRef = 7FC9C9172375BADE008CD9DA /* SceneDelegate.m */; };
		7FC9C91B2375BADE008CD9DA /* ViewController.m in Sources */ = {isa = PBXBuildFile; fileRef = 7FC9C91A2375BADE008CD9DA /* ViewController.m */; };
		7FC9C91E2375BADE008CD9DA /* Main.storyboard in Resources */ = {isa = PBXBuildFile; fileRef = 7FC9C91C2375BADE008CD9DA /* Main.storyboard */; };
		7FC9C9202375BAE3008CD9DA /* Assets.xcassets in Resources */ = {isa = PBXBuildFile; fileRef = 7FC9C91F2375BAE3008CD9DA /* Assets.xcassets */; };
		7FC9C9232375BAE3008CD9DA /* LaunchScreen.storyboard in Resources */ = {isa = PBXBuildFile; fileRef = 7FC9C9212375BAE3008CD9DA /* LaunchScreen.storyboard */; };
		7FC9C9262375BAE3008CD9DA /* main.m in Sources */ = {isa = PBXBuildFile; fileRef = 7FC9C9252375BAE3008CD9DA /* main.m */; };
/* End PBXBuildFile section */

/* Begin PBXFileReference section */
		4D32ED39247BBDF10003FE52 /* MCJEagleDefinitions.h */ = {isa = PBXFileReference; fileEncoding = 4; lastKnownFileType = sourcecode.c.h; path = MCJEagleDefinitions.h; sourceTree = "<group>"; };
		4D32ED3A247BBDF10003FE52 /* MCJEagleDefinitions.m */ = {isa = PBXFileReference; fileEncoding = 4; lastKnownFileType = sourcecode.c.objc; path = MCJEagleDefinitions.m; sourceTree = "<group>"; };
		7FC9C9102375BADE008CD9DA /* Eagle.app */ = {isa = PBXFileReference; explicitFileType = wrapper.application; includeInIndex = 0; path = Eagle.app; sourceTree = BUILT_PRODUCTS_DIR; };
		7FC9C9132375BADE008CD9DA /* AppDelegate.h */ = {isa = PBXFileReference; lastKnownFileType = sourcecode.c.h; path = AppDelegate.h; sourceTree = "<group>"; };
		7FC9C9142375BADE008CD9DA /* AppDelegate.m */ = {isa = PBXFileReference; lastKnownFileType = sourcecode.c.objc; path = AppDelegate.m; sourceTree = "<group>"; };
		7FC9C9162375BADE008CD9DA /* SceneDelegate.h */ = {isa = PBXFileReference; lastKnownFileType = sourcecode.c.h; path = SceneDelegate.h; sourceTree = "<group>"; };
		7FC9C9172375BADE008CD9DA /* SceneDelegate.m */ = {isa = PBXFileReference; lastKnownFileType = sourcecode.c.objc; path = SceneDelegate.m; sourceTree = "<group>"; };
		7FC9C9192375BADE008CD9DA /* ViewController.h */ = {isa = PBXFileReference; lastKnownFileType = sourcecode.c.h; path = ViewController.h; sourceTree = "<group>"; };
		7FC9C91A2375BADE008CD9DA /* ViewController.m */ = {isa = PBXFileReference; lastKnownFileType = sourcecode.c.objc; path = ViewController.m; sourceTree = "<group>"; };
		7FC9C91D2375BADE008CD9DA /* Base */ = {isa = PBXFileReference; lastKnownFileType = file.storyboard; name = Base; path = Base.lproj/Main.storyboard; sourceTree = "<group>"; };
		7FC9C91F2375BAE3008CD9DA /* Assets.xcassets */ = {isa = PBXFileReference; lastKnownFileType = folder.assetcatalog; path = Assets.xcassets; sourceTree = "<group>"; };
		7FC9C9222375BAE3008CD9DA /* Base */ = {isa = PBXFileReference; lastKnownFileType = file.storyboard; name = Base; path = Base.lproj/LaunchScreen.storyboard; sourceTree = "<group>"; };
		7FC9C9242375BAE3008CD9DA /* Info.plist */ = {isa = PBXFileReference; lastKnownFileType = text.plist.xml; path = Info.plist; sourceTree = "<group>"; };
		7FC9C9252375BAE3008CD9DA /* main.m */ = {isa = PBXFileReference; lastKnownFileType = sourcecode.c.objc; path = main.m; sourceTree = "<group>"; };
/* End PBXFileReference section */

/* Begin PBXFrameworksBuildPhase section */
		7FC9C90D2375BADE008CD9DA /* Frameworks */ = {
			isa = PBXFrameworksBuildPhase;
			buildActionMask = 2147483647;
			files = (
			);
			runOnlyForDeploymentPostprocessing = 0;
		};
/* End PBXFrameworksBuildPhase section */

/* Begin PBXGroup section */
		4D32ED38247BBDF10003FE52 /* Definitions */ = {
			isa = PBXGroup;
			children = (
				4D32ED39247BBDF10003FE52 /* MCJEagleDefinitions.h */,
				4D32ED3A247BBDF10003FE52 /* MCJEagleDefinitions.m */,
			);
			path = Definitions;
			sourceTree = "<group>";
		};
		7FC9C9072375BADE008CD9DA = {
			isa = PBXGroup;
			children = (
				7FC9C9122375BADE008CD9DA /* Eagle */,
				7FC9C9112375BADE008CD9DA /* Products */,
			);
			sourceTree = "<group>";
		};
		7FC9C9112375BADE008CD9DA /* Products */ = {
			isa = PBXGroup;
			children = (
				7FC9C9102375BADE008CD9DA /* Eagle.app */,
			);
			name = Products;
			sourceTree = "<group>";
		};
		7FC9C9122375BADE008CD9DA /* Eagle */ = {
			isa = PBXGroup;
			children = (
				4D32ED38247BBDF10003FE52 /* Definitions */,
				7FC9C9132375BADE008CD9DA /* AppDelegate.h */,
				7FC9C9142375BADE008CD9DA /* AppDelegate.m */,
				7FC9C9162375BADE008CD9DA /* SceneDelegate.h */,
				7FC9C9172375BADE008CD9DA /* SceneDelegate.m */,
				7FC9C9192375BADE008CD9DA /* ViewController.h */,
				7FC9C91A2375BADE008CD9DA /* ViewController.m */,
				7FC9C91C2375BADE008CD9DA /* Main.storyboard */,
				7FC9C91F2375BAE3008CD9DA /* Assets.xcassets */,
				7FC9C9212375BAE3008CD9DA /* LaunchScreen.storyboard */,
				7FC9C9242375BAE3008CD9DA /* Info.plist */,
				7FC9C9252375BAE3008CD9DA /* main.m */,
			);
			path = Eagle;
			sourceTree = "<group>";
		};
/* End PBXGroup section */

/* Begin PBXNativeTarget section */
		7FC9C90F2375BADE008CD9DA /* Eagle */ = {
			isa = PBXNativeTarget;
			buildConfigurationList = 7FC9C9292375BAE3008CD9DA /* Build configuration list for PBXNativeTarget "Eagle" */;
			buildPhases = (
				7FC9C90C2375BADE008CD9DA /* Sources */,
				7FC9C90D2375BADE008CD9DA /* Frameworks */,
				7FC9C90E2375BADE008CD9DA /* Resources */,
			);
			buildRules = (
			);
			dependencies = (
			);
			name = Eagle;
			productName = Eagle;
			productReference = 7FC9C9102375BADE008CD9DA /* Eagle.app */;
			productType = "com.apple.product-type.application";
		};
/* End PBXNativeTarget section */

/* Begin PBXProject section */
		7FC9C9082375BADE008CD9DA /* Project object */ = {
			isa = PBXProject;
			attributes = {
				LastUpgradeCheck = 1110;
				ORGANIZATIONNAME = "Mark Chen";
				TargetAttributes = {
					7FC9C90F2375BADE008CD9DA = {
						CreatedOnToolsVersion = 11.1;
					};
				};
			};
			buildConfigurationList = 7FC9C90B2375BADE008CD9DA /* Build configuration list for PBXProject "Eagle" */;
			compatibilityVersion = "Xcode 9.3";
			developmentRegion = en;
			hasScannedForEncodings = 0;
			knownRegions = (
				en,
				Base,
			);
			mainGroup = 7FC9C9072375BADE008CD9DA;
			productRefGroup = 7FC9C9112375BADE008CD9DA /* Products */;
			projectDirPath = "";
			projectRoot = "";
			targets = (
				7FC9C90F2375BADE008CD9DA /* Eagle */,
			);
		};
/* End PBXProject section */

/* Begin PBXResourcesBuildPhase section */
		7FC9C90E2375BADE008CD9DA /* Resources */ = {
			isa = PBXResourcesBuildPhase;
			buildActionMask = 2147483647;
			files = (
				7FC9C9232375BAE3008CD9DA /* LaunchScreen.storyboard in Resources */,
				7FC9C9202375BAE3008CD9DA /* Assets.xcassets in Resources */,
				7FC9C91E2375BADE008CD9DA /* Main.storyboard in Resources */,
			);
			runOnlyForDeploymentPostprocessing = 0;
		};
/* End PBXResourcesBuildPhase section */

/* Begin PBXSourcesBuildPhase section */
		7FC9C90C2375BADE008CD9DA /* Sources */ = {
			isa = PBXSourcesBuildPhase;
			buildActionMask = 2147483647;
			files = (
				4D32ED3B247BBDF10003FE52 /* MCJEagleDefinitions.m in Sources */,
				7FC9C91B2375BADE008CD9DA /* ViewController.m in Sources */,
				7FC9C9152375BADE008CD9DA /* AppDelegate.m in Sources */,
				7FC9C9262375BAE3008CD9DA /* main.m in Sources */,
				7FC9C9182375BADE008CD9DA /* SceneDelegate.m in Sources */,
			);
			runOnlyForDeploymentPostprocessing = 0;
		};
/* End PBXSourcesBuildPhase section */

/* Begin PBXVariantGroup section */
		7FC9C91C2375BADE008CD9DA /* Main.storyboard */ = {
			isa = PBXVariantGroup;
			children = (
				7FC9C91D2375BADE008CD9DA /* Base */,
			);
			name = Main.storyboard;
			sourceTree = "<group>";
		};
		7FC9C9212375BAE3008CD9DA /* LaunchScreen.storyboard */ = {
			isa = PBXVariantGroup;
			children = (
				7FC9C9222375BAE3008CD9DA /* Base */,
			);
			name = LaunchScreen.storyboard;
			sourceTree = "<group>";
		};
/* End PBXVariantGroup section */

/* Begin XCBuildConfiguration section */
		7FC9C9272375BAE3008CD9DA /* Debug */ = {
			isa = XCBuildConfiguration;
			buildSettings = {
				ALWAYS_SEARCH_USER_PATHS = NO;
				CLANG_ANALYZER_NONNULL = YES;
				CLANG_ANALYZER_NUMBER_OBJECT_CONVERSION = YES_AGGRESSIVE;
				CLANG_CXX_LANGUAGE_STANDARD = "gnu++14";
				CLANG_CXX_LIBRARY = "libc++";
				CLANG_ENABLE_MODULES = YES;
				CLANG_ENABLE_OBJC_ARC = YES;
				CLANG_ENABLE_OBJC_WEAK = YES;
				CLANG_WARN_BLOCK_CAPTURE_AUTORELEASING = YES;
				CLANG_WARN_BOOL_CONVERSION = YES;
				CLANG_WARN_COMMA = YES;
				CLANG_WARN_CONSTANT_CONVERSION = YES;
				CLANG_WARN_DEPRECATED_OBJC_IMPLEMENTATIONS = YES;
				CLANG_WARN_DIRECT_OBJC_ISA_USAGE = YES_ERROR;
				CLANG_WARN_DOCUMENTATION_COMMENTS = YES;
				CLANG_WARN_EMPTY_BODY = YES;
				CLANG_WARN_ENUM_CONVERSION = YES;
				CLANG_WARN_INFINITE_RECURSION = YES;
				CLANG_WARN_INT_CONVERSION = YES;
				CLANG_WARN_NON_LITERAL_NULL_CONVERSION = YES;
				CLANG_WARN_OBJC_IMPLICIT_RETAIN_SELF = YES;
				CLANG_WARN_OBJC_LITERAL_CONVERSION = YES;
				CLANG_WARN_OBJC_ROOT_CLASS = YES_ERROR;
				CLANG_WARN_RANGE_LOOP_ANALYSIS = YES;
				CLANG_WARN_STRICT_PROTOTYPES = YES;
				CLANG_WARN_SUSPICIOUS_MOVE = YES;
				CLANG_WARN_UNGUARDED_AVAILABILITY = YES_AGGRESSIVE;
				CLANG_WARN_UNREACHABLE_CODE = YES;
				CLANG_WARN__DUPLICATE_METHOD_MATCH = YES;
				COPY_PHASE_STRIP = NO;
				DEBUG_INFORMATION_FORMAT = dwarf;
				ENABLE_STRICT_OBJC_MSGSEND = YES;
				ENABLE_TESTABILITY = YES;
				GCC_C_LANGUAGE_STANDARD = gnu11;
				GCC_DYNAMIC_NO_PIC = NO;
				GCC_NO_COMMON_BLOCKS = YES;
				GCC_OPTIMIZATION_LEVEL = 0;
				GCC_PREPROCESSOR_DEFINITIONS = (
					"DEBUG=1",
					"$(inherited)",
				);
				GCC_WARN_64_TO_32_BIT_CONVERSION = YES;
				GCC_WARN_ABOUT_RETURN_TYPE = YES_ERROR;
				GCC_WARN_UNDECLARED_SELECTOR = YES;
				GCC_WARN_UNINITIALIZED_AUTOS = YES_AGGRESSIVE;
				GCC_WARN_UNUSED_FUNCTION = YES;
				GCC_WARN_UNUSED_VARIABLE = YES;
				IPHONEOS_DEPLOYMENT_TARGET = 9.0;
				MTL_ENABLE_DEBUG_INFO = INCLUDE_SOURCE;
				MTL_FAST_MATH = YES;
				ONLY_ACTIVE_ARCH = YES;
				SDKROOT = iphoneos;
			};
			name = Debug;
		};
		7FC9C9282375BAE3008CD9DA /* Release */ = {
			isa = XCBuildConfiguration;
			buildSettings = {
				ALWAYS_SEARCH_USER_PATHS = NO;
				CLANG_ANALYZER_NONNULL = YES;
				CLANG_ANALYZER_NUMBER_OBJECT_CONVERSION = YES_AGGRESSIVE;
				CLANG_CXX_LANGUAGE_STANDARD = "gnu++14";
				CLANG_CXX_LIBRARY = "libc++";
				CLANG_ENABLE_MODULES = YES;
				CLANG_ENABLE_OBJC_ARC = YES;
				CLANG_ENABLE_OBJC_WEAK = YES;
				CLANG_WARN_BLOCK_CAPTURE_AUTORELEASING = YES;
				CLANG_WARN_BOOL_CONVERSION = YES;
				CLANG_WARN_COMMA = YES;
				CLANG_WARN_CONSTANT_CONVERSION = YES;
				CLANG_WARN_DEPRECATED_OBJC_IMPLEMENTATIONS = YES;
				CLANG_WARN_DIRECT_OBJC_ISA_USAGE = YES_ERROR;
				CLANG_WARN_DOCUMENTATION_COMMENTS = YES;
				CLANG_WARN_EMPTY_BODY = YES;
				CLANG_WARN_ENUM_CONVERSION = YES;
				CLANG_WARN_INFINITE_RECURSION = YES;
				CLANG_WARN_INT_CONVERSION = YES;
				CLANG_WARN_NON_LITERAL_NULL_CONVERSION = YES;
				CLANG_WARN_OBJC_IMPLICIT_RETAIN_SELF = YES;
				CLANG_WARN_OBJC_LITERAL_CONVERSION = YES;
				CLANG_WARN_OBJC_ROOT_CLASS = YES_ERROR;
				CLANG_WARN_RANGE_LOOP_ANALYSIS = YES;
				CLANG_WARN_STRICT_PROTOTYPES = YES;
				CLANG_WARN_SUSPICIOUS_MOVE = YES;
				CLANG_WARN_UNGUARDED_AVAILABILITY = YES_AGGRESSIVE;
				CLANG_WARN_UNREACHABLE_CODE = YES;
				CLANG_WARN__DUPLICATE_METHOD_MATCH = YES;
				COPY_PHASE_STRIP = NO;
				DEBUG_INFORMATION_FORMAT = "dwarf-with-dsym";
				ENABLE_NS_ASSERTIONS = NO;
				ENABLE_STRICT_OBJC_MSGSEND = YES;
				GCC_C_LANGUAGE_STANDARD = gnu11;
				GCC_NO_COMMON_BLOCKS = YES;
				GCC_WARN_64_TO_32_BIT_CONVERSION = YES;
				GCC_WARN_ABOUT_RETURN_TYPE = YES_ERROR;
				GCC_WARN_UNDECLARED_SELECTOR = YES;
				GCC_WARN_UNINITIALIZED_AUTOS = YES_AGGRESSIVE;
				GCC_WARN_UNUSED_FUNCTION = YES;
				GCC_WARN_UNUSED_VARIABLE = YES;
				IPHONEOS_DEPLOYMENT_TARGET = 9.0;
				MTL_ENABLE_DEBUG_INFO = NO;
				MTL_FAST_MATH = YES;
				SDKROOT = iphoneos;
				VALIDATE_PRODUCT = YES;
			};
			name = Release;
		};
		7FC9C92A2375BAE3008CD9DA /* Debug */ = {
			isa = XCBuildConfiguration;
			buildSettings = {
				ASSETCATALOG_COMPILER_APPICON_NAME = AppIcon;
				CODE_SIGN_STYLE = Automatic;
				DEVELOPMENT_TEAM = D62BHWAPT5;
				INFOPLIST_FILE = Eagle/Info.plist;
				IPHONEOS_DEPLOYMENT_TARGET = 9.0;
				LD_RUNPATH_SEARCH_PATHS = (
					"$(inherited)",
					"@executable_path/Frameworks",
				);
				PRODUCT_BUNDLE_IDENTIFIER = com.markcj.Eagle;
				PRODUCT_NAME = "$(TARGET_NAME)";
				TARGETED_DEVICE_FAMILY = "1,2";
			};
			name = Debug;
		};
		7FC9C92B2375BAE3008CD9DA /* Release */ = {
			isa = XCBuildConfiguration;
			buildSettings = {
				ASSETCATALOG_COMPILER_APPICON_NAME = AppIcon;
				CODE_SIGN_STYLE = Automatic;
				DEVELOPMENT_TEAM = D62BHWAPT5;
				INFOPLIST_FILE = Eagle/Info.plist;
				IPHONEOS_DEPLOYMENT_TARGET = 9.0;
				LD_RUNPATH_SEARCH_PATHS = (
					"$(inherited)",
					"@executable_path/Frameworks",
				);
				PRODUCT_BUNDLE_IDENTIFIER = com.markcj.Eagle;
				PRODUCT_NAME = "$(TARGET_NAME)";
				TARGETED_DEVICE_FAMILY = "1,2";
			};
			name = Release;
		};
/* End XCBuildConfiguration section */

/* Begin XCConfigurationList section */
		7FC9C90B2375BADE008CD9DA /* Build configuration list for PBXProject "Eagle" */ = {
			isa = XCConfigurationList;
			buildConfigurations = (
				7FC9C9272375BAE3008CD9DA /* Debug */,
				7FC9C9282375BAE3008CD9DA /* Release */,
			);
			defaultConfigurationIsVisible = 0;
			defaultConfigurationName = Release;
		};
		7FC9C9292375BAE3008CD9DA /* Build configuration list for PBXNativeTarget "Eagle" */ = {
			isa = XCConfigurationList;
			buildConfigurations = (
				7FC9C92A2375BAE3008CD9DA /* Debug */,
				7FC9C92B2375BAE3008CD9DA /* Release */,
			);
			defaultConfigurationIsVisible = 0;
			defaultConfigurationName = Release;
		};
/* End XCConfigurationList section */
	};
	rootObject = 7FC9C9082375BADE008CD9DA /* Project object */;
}
